
Microsoft Visual Studio Solution File, Format Version 12.00
# Visual Studio Version 16
VisualStudioVersion = 16.0.30309.148
MinimumVisualStudioVersion = 10.0.40219.1
Project("{8BC9CEB8-8B4A-11D0-8D11-00A0C91BC942}") = "Neel Salon Spa", "Neel Salon Spa.vcxproj", "{F7C003DE-C7E6-4045-A545-96AC57C3CDDE}"
EndProject
Global
	GlobalSection(SolutionConfigurationPlatforms) = preSolution
		Debug|x64 = Debug|x64
		Debug|x86 = Debug|x86
		Release|x64 = Release|x64
		Release|x86 = Release|x86
	EndGlobalSection
	GlobalSection(ProjectConfigurationPlatforms) = postSolution
		{F7C003DE-C7E6-4045-A545-96AC57C3CDDE}.Debug|x64.ActiveCfg = Debug|x64
		{F7C003DE-C7E6-4045-A545-96AC57C3CDDE}.Debug|x64.Build.0 = Debug|x64
		{F7C003DE-C7E6-4045-A545-96AC57C3CDDE}.Debug|x86.ActiveCfg = Debug|Win32
		{F7C003DE-C7E6-4045-A545-96AC57C3CDDE}.Debug|x86.Build.0 = Debug|Win32
		{F7C003DE-C7E6-4045-A545-96AC57C3CDDE}.Release|x64.ActiveCfg = Release|x64
		{F7C003DE-C7E6-4045-A545-96AC57C3CDDE}.Release|x64.Build.0 = Release|x64
		{F7C003DE-C7E6-4045-A545-96AC57C3CDDE}.Release|x86.ActiveCfg = Release|Win32
		{F7C003DE-C7E6-4045-A545-96AC57C3CDDE}.Release|x86.Build.0 = Release|Win32
	EndGlobalSection
	GlobalSection(SolutionProperties) = preSolution
		HideSolutionNode = FALSE
	EndGlobalSection
	GlobalSection(ExtensibilityGlobals) = postSolution
		SolutionGuid = {DF2FF0B7-77A2-4FD0-81FB-3B6D2DD7B4D8}
	EndGlobalSection
EndGlobal
